github.com/batchatco/go-native-netcdf v0.0.0-20220806211823-807bf353fe67 h1:ETvGOPEyAx7UqU5gEo9zCAjr4tCuOcKJjYAc11J009E=
github.com/batchatco/go-native-netcdf v0.0.0-20220806211823-807bf353fe67/go.mod h1:Eod1YI+B5CGpJDoAa+vRuhHZapFhetx6vlsMYD23g8c=
github.com/batchatco/go-thrower v0.0.0-20200827035905-5cb7337f6be6 h1:gDf4IUqKDnH7F0XdgeYOBx2jlMKF/j9Xm42sISXpwqY=
github.com/batchatco/go-thrower v0.0.0-20200827035905-5cb7337f6be6/go.mod h1:hJ9Ll7FOzcIr57sd7RHga7StcCVAL0vFBUsNpnGntNg=
github.com/lucasb-eyer/go-colorful v1.2.0 h1:1nnpGOrhyZZuNyfu1QjKiUICQ74+3FNCN69Aj6K7nkY=
github.com/lucasb-eyer/go-colorful v1.2.0/go.mod h1:R4dSotOR9KMtayYi1e77YzuveK+i7ruzyGqttikkLy0=
github.com/mazznoer/colorgrad v0.9.1 h1:MB80JYVndKWSMEM1beNqnuOowWGhoQc3DXWXkFp6JlM=
github.com/mazznoer/colorgrad v0.9.1/go.mod h1:WX2R9wt9B47+txJZVVpM9LY+LAGIdi4lTI5wIyreDH4=
github.com/mazznoer/csscolorparser v0.1.2 h1:/UBHuQg792ePmGFzTQAC9u+XbFr7/HzP/Gj70Phyz2A=
github.com/mazznoer/csscolorparser v0.1.2/go.mod h1:Aj22+L/rYN/Y6bj3bYqO3N6g1dtdHtGfQ32xZ5PJQic=
